[[package]]
id = 1
name = "scipy"
version = "1.3.1"
source = "pypi+https://pypi.org/pypi/scipy/1.3.1/json"
dependencies = []

[[package]]
id = 17
name = "parso"
version = "0.5.1"
source = "pypi+https://pypi.org/pypi/parso/0.5.1/json"
dependencies = []

[[package]]
id = 53
name = "jupyter-core"
version = "4.6.1"
source = "pypi+https://pypi.org/pypi/jupyter-core/4.6.1/json"
dependencies = []

[[package]]
id = 8
name = "wcwidth"
version = "0.1.7"
source = "pypi+https://pypi.org/pypi/wcwidth/0.1.7/json"
dependencies = []

[[package]]
id = 4
name = "ipython"
version = "7.9.0"
source = "pypi+https://pypi.org/pypi/ipython/7.9.0/json"
dependencies = ["backcall 0.1.0 pypi+https://pypi.org/pypi/backcall/0.1.0/json", "pickleshare 0.7.5 pypi+https://pypi.org/pypi/pickleshare/0.7.5/json", "jedi 0.15.1 pypi+https://pypi.org/pypi/jedi/0.15.1/json", "traitlets 4.3.3 pypi+https://pypi.org/pypi/traitlets/4.3.3/json", "decorator 4.4.1 pypi+https://pypi.org/pypi/decorator/4.4.1/json", "Pygments 2.4.2 pypi+https://pypi.org/pypi/Pygments/2.4.2/json", "prompt_toolkit 2.0.10 pypi+https://pypi.org/pypi/prompt_toolkit/2.0.10/json"]

[[package]]
id = 16
name = "jedi"
version = "0.15.1"
source = "pypi+https://pypi.org/pypi/jedi/0.15.1/json"
dependencies = ["parso 0.5.1 pypi+https://pypi.org/pypi/parso/0.5.1/json"]

[[package]]
id = 33
name = "configobj"
version = "5.0.6"
source = "pypi+https://pypi.org/pypi/configobj/5.0.6/json"
dependencies = ["six 1.12.0 pypi+https://pypi.org/pypi/six/1.12.0/json"]

[[package]]
id = 15
name = "decorator"
version = "4.4.1"
source = "pypi+https://pypi.org/pypi/decorator/4.4.1/json"
dependencies = []

[[package]]
id = 48
name = "pyzmq"
version = "18.1.0"
source = "pypi+https://pypi.org/pypi/pyzmq/18.1.0/json"
dependencies = []

[[package]]
id = 12
name = "ipython_genutils"
version = "0.2.0"
source = "pypi+https://pypi.org/pypi/ipython_genutils/0.2.0/json"
dependencies = []

[[package]]
id = 7
name = "prompt_toolkit"
version = "2.0.10"
source = "pypi+https://pypi.org/pypi/prompt_toolkit/2.0.10/json"
dependencies = ["wcwidth 0.1.7 pypi+https://pypi.org/pypi/wcwidth/0.1.7/json"]

[[package]]
id = 22
name = "six"
version = "1.12.0"
source = "pypi+https://pypi.org/pypi/six/1.12.0/json"
dependencies = []

[[package]]
id = 43
name = "appnope"
version = "0.1.0"
source = "pypi+https://pypi.org/pypi/appnope/0.1.0/json"
dependencies = []

[[package]]
id = 21
name = "python-dateutil"
version = "2.8.0"
source = "pypi+https://pypi.org/pypi/python-dateutil/2.8.0/json"
dependencies = ["six 1.12.0 pypi+https://pypi.org/pypi/six/1.12.0/json"]

[[package]]
id = 52
name = "jupyter-client"
version = "5.3.4"
source = "pypi+https://pypi.org/pypi/jupyter-client/5.3.4/json"
dependencies = ["tornado 6.0.3 pypi+https://pypi.org/pypi/tornado/6.0.3/json", "pyzmq 18.1.0 pypi+https://pypi.org/pypi/pyzmq/18.1.0/json", "python-dateutil 2.8.0 pypi+https://pypi.org/pypi/python-dateutil/2.8.0/json"]

[[package]]
id = 14
name = "pathlib2"
version = "2.3.5"
source = "pypi+https://pypi.org/pypi/pathlib2/2.3.5/json"
dependencies = []

[[package]]
id = 19
name = "matplotlib"
version = "3.1.1"
source = "pypi+https://pypi.org/pypi/matplotlib/3.1.1/json"
dependencies = ["kiwisolver 1.1.0 pypi+https://pypi.org/pypi/kiwisolver/1.1.0/json", "pyparsing 2.4.2 pypi+https://pypi.org/pypi/pyparsing/2.4.2/json", "python-dateutil 2.8.0 pypi+https://pypi.org/pypi/python-dateutil/2.8.0/json", "Cycler 0.10.0 pypi+https://pypi.org/pypi/Cycler/0.10.0/json"]

[[package]]
id = 23
name = "pyparsing"
version = "2.4.2"
source = "pypi+https://pypi.org/pypi/pyparsing/2.4.2/json"
dependencies = []

[[package]]
id = 10
name = "traitlets"
version = "4.3.3"
source = "pypi+https://pypi.org/pypi/traitlets/4.3.3/json"
dependencies = ["ipython_genutils 0.2.0 pypi+https://pypi.org/pypi/ipython_genutils/0.2.0/json"]

[[package]]
id = 6
name = "Pygments"
version = "2.4.2"
source = "pypi+https://pypi.org/pypi/Pygments/2.4.2/json"
dependencies = []

[[package]]
id = 13
name = "pickleshare"
version = "0.7.5"
source = "pypi+https://pypi.org/pypi/pickleshare/0.7.5/json"
dependencies = ["pathlib2 2.3.5 pypi+https://pypi.org/pypi/pathlib2/2.3.5/json"]

[[package]]
id = 5
name = "backcall"
version = "0.1.0"
source = "pypi+https://pypi.org/pypi/backcall/0.1.0/json"
dependencies = []

[[package]]
id = 29
name = "PyQt5"
version = "5.13.1"
source = "pypi+https://pypi.org/pypi/PyQt5/5.13.1/json"
dependencies = ["PyQt5-sip 12.7.0 pypi+https://pypi.org/pypi/PyQt5-sip/12.7.0/json"]

[[package]]
id = 37
name = "numpy"
version = "1.17.3"
source = "pypi+https://pypi.org/pypi/numpy/1.17.3/json"
dependencies = []

[[package]]
id = 46
name = "tornado"
version = "6.0.3"
source = "pypi+https://pypi.org/pypi/tornado/6.0.3/json"
dependencies = []

[[package]]
id = 30
name = "PyQt5-sip"
version = "12.7.0"
source = "pypi+https://pypi.org/pypi/PyQt5-sip/12.7.0/json"
dependencies = []

[[package]]
id = 25
name = "setuptools"
version = "41.6.0"
source = "pypi+https://pypi.org/pypi/setuptools/41.6.0/json"
dependencies = []

[[package]]
id = 42
name = "ipykernel"
version = "5.1.3"
source = "pypi+https://pypi.org/pypi/ipykernel/5.1.3/json"
dependencies = ["appnope 0.1.0 pypi+https://pypi.org/pypi/appnope/0.1.0/json", "ipython 7.9.0 pypi+https://pypi.org/pypi/ipython/7.9.0/json"]

[[package]]
id = 41
name = "qtconsole"
version = "4.5.5"
source = "pypi+https://pypi.org/pypi/qtconsole/4.5.5/json"
dependencies = ["ipython-genutils 0.2.0 pypi+https://pypi.org/pypi/ipython-genutils/0.2.0/json", "jupyter-core 4.6.1 pypi+https://pypi.org/pypi/jupyter-core/4.6.1/json", "jupyter-client 5.3.4 pypi+https://pypi.org/pypi/jupyter-client/5.3.4/json", "traitlets 4.3.3 pypi+https://pypi.org/pypi/traitlets/4.3.3/json", "ipykernel 5.1.3 pypi+https://pypi.org/pypi/ipykernel/5.1.3/json"]

[[package]]
id = 12
name = "ipython_genutils"
version = "0.2.0"
source = "pypi+https://pypi.org/pypi/ipython_genutils/0.2.0/json"
dependencies = []

[[package]]
id = 26
name = "Cycler"
version = "0.10.0"
source = "pypi+https://pypi.org/pypi/Cycler/0.10.0/json"
dependencies = []

[[package]]
id = 24
name = "kiwisolver"
version = "1.1.0"
source = "pypi+https://pypi.org/pypi/kiwisolver/1.1.0/json"
dependencies = ["setuptools 41.6.0 pypi+https://pypi.org/pypi/setuptools/41.6.0/json"]

[metadata]
