[[package]]
id = 14
name = "decorator"
version = "4.4.2"
source = "pypi+https://pypi.org/pypi/decorator/4.4.2/json"
dependencies = []

[[package]]
id = 39
name = "PyQt5-sip"
version = "12.8.1"
source = "pypi+https://pypi.org/pypi/PyQt5-sip/12.8.1/json"
dependencies = []

[[package]]
id = 32
name = "ipython_genutils"
version = "0.2.0"
source = "pypi+https://pypi.org/pypi/ipython_genutils/0.2.0/json"
dependencies = []

[[package]]
id = 40
name = "setuptools"
version = "45.2.0"
source = "pypi+https://pypi.org/pypi/setuptools/45.2.0/json"
dependencies = []

[[package]]
id = 32
name = "ipython_genutils"
version = "0.2.0"
source = "pypi+https://pypi.org/pypi/ipython_genutils/0.2.0/json"
dependencies = []

[[package]]
id = 3
name = "ipykernel"
version = "5.1.4"
source = "pypi+https://pypi.org/pypi/ipykernel/5.1.4/json"
dependencies = ["appnope 0.1.0 pypi+https://pypi.org/pypi/appnope/0.1.0/json"]

[[package]]
id = 2
name = "QtPy"
version = "1.9.0"
source = "pypi+https://pypi.org/pypi/QtPy/1.9.0/json"
dependencies = []

[[package]]
id = 2
name = "ipython"
version = "7.19.0"
source = "pypi+https://pypi.org/pypi/ipython/7.19.0/json"
dependencies = ["decorator 4.4.2 pypi+https://pypi.org/pypi/decorator/4.4.2/json", "backcall 0.1.0 pypi+https://pypi.org/pypi/backcall/0.1.0/json", "pygments 2.5.2 pypi+https://pypi.org/pypi/pygments/2.5.2/json", "pickleshare 0.7.5 pypi+https://pypi.org/pypi/pickleshare/0.7.5/json", "jedi 0.16.0 pypi+https://pypi.org/pypi/jedi/0.16.0/json", "prompt-toolkit 3.0.4 pypi+https://pypi.org/pypi/prompt-toolkit/3.0.4/json"]

[[package]]
id = 38
name = "PyQt5"
version = "5.15.2"
source = "pypi+https://pypi.org/pypi/PyQt5/5.15.2/json"
dependencies = ["PyQt5-sip 12.8.1 pypi+https://pypi.org/pypi/PyQt5-sip/12.8.1/json"]

[[package]]
id = 2
name = "QtPy"
version = "1.9.0"
source = "pypi+https://pypi.org/pypi/QtPy/1.9.0/json"
dependencies = []

[[package]]
id = 30
name = "jupyter-client"
version = "6.0.0"
source = "pypi+https://pypi.org/pypi/jupyter-client/6.0.0/json"
dependencies = ["pyzmq 19.0.0 pypi+https://pypi.org/pypi/pyzmq/19.0.0/json", "tornado 6.0.4 pypi+https://pypi.org/pypi/tornado/6.0.4/json", "python-dateutil 2.8.1 pypi+https://pypi.org/pypi/python-dateutil/2.8.1/json"]

[[package]]
id = 20
name = "backcall"
version = "0.1.0"
source = "pypi+https://pypi.org/pypi/backcall/0.1.0/json"
dependencies = []

[[package]]
id = 36
name = "scipy"
version = "1.5.4"
source = "pypi+https://pypi.org/pypi/scipy/1.5.4/json"
dependencies = []

[[package]]
id = 4
name = "appnope"
version = "0.1.0"
source = "pypi+https://pypi.org/pypi/appnope/0.1.0/json"
dependencies = []

[[package]]
id = 22
name = "wcwidth"
version = "0.1.8"
source = "pypi+https://pypi.org/pypi/wcwidth/0.1.8/json"
dependencies = []

[[package]]
id = 27
name = "parso"
version = "0.6.2"
source = "pypi+https://pypi.org/pypi/parso/0.6.2/json"
dependencies = []

[[package]]
id = 8
name = "python-dateutil"
version = "2.8.1"
source = "pypi+https://pypi.org/pypi/python-dateutil/2.8.1/json"
dependencies = []

[[package]]
id = 12
name = "pywin32"
version = "227.0.0"
source = "pypi+https://pypi.org/pypi/pywin32/227.0.0/json"
dependencies = []

[[package]]
id = 26
name = "jedi"
version = "0.16.0"
source = "pypi+https://pypi.org/pypi/jedi/0.16.0/json"
dependencies = ["parso 0.6.2 pypi+https://pypi.org/pypi/parso/0.6.2/json"]

[[package]]
id = 41
name = "Cycler"
version = "0.10.0"
source = "pypi+https://pypi.org/pypi/Cycler/0.10.0/json"
dependencies = []

[[package]]
id = 37
name = "pyparsing"
version = "2.4.6"
source = "pypi+https://pypi.org/pypi/pyparsing/2.4.6/json"
dependencies = []

[[package]]
id = 33
name = "traitlets"
version = "4.3.3"
source = "pypi+https://pypi.org/pypi/traitlets/4.3.3/json"
dependencies = ["decorator 4.4.2 pypi+https://pypi.org/pypi/decorator/4.4.2/json"]

[[package]]
id = 29
name = "Pygments"
version = "2.5.2"
source = "pypi+https://pypi.org/pypi/Pygments/2.5.2/json"
dependencies = []

[[package]]
id = 28
name = "matplotlib"
version = "3.3.3"
source = "pypi+https://pypi.org/pypi/matplotlib/3.3.3/json"
dependencies = ["python-dateutil 2.8.1 pypi+https://pypi.org/pypi/python-dateutil/2.8.1/json", "pillow 7.2.0 pypi+https://pypi.org/pypi/pillow/7.2.0/json", "cycler 0.10.0 pypi+https://pypi.org/pypi/cycler/0.10.0/json", "pyparsing 2.4.6 pypi+https://pypi.org/pypi/pyparsing/2.4.6/json", "kiwisolver 1.1.0 pypi+https://pypi.org/pypi/kiwisolver/1.1.0/json"]

[[package]]
id = 10
name = "pyzmq"
version = "19.0.0"
source = "pypi+https://pypi.org/pypi/pyzmq/19.0.0/json"
dependencies = []

[[package]]
id = 7
name = "tornado"
version = "6.0.4"
source = "pypi+https://pypi.org/pypi/tornado/6.0.4/json"
dependencies = []

[[package]]
id = 31
name = "jupyter-core"
version = "4.6.3"
source = "pypi+https://pypi.org/pypi/jupyter-core/4.6.3/json"
dependencies = ["pywin32 227.0.0 pypi+https://pypi.org/pypi/pywin32/227.0.0/json"]

[[package]]
id = 21
name = "prompt-toolkit"
version = "3.0.4"
source = "pypi+https://pypi.org/pypi/prompt-toolkit/3.0.4/json"
dependencies = ["wcwidth 0.1.8 pypi+https://pypi.org/pypi/wcwidth/0.1.8/json"]

[[package]]
id = 25
name = "pathlib2"
version = "2.3.5"
source = "pypi+https://pypi.org/pypi/pathlib2/2.3.5/json"
dependencies = []

[[package]]
id = 40
name = "qtconsole"
version = "5.0.1"
source = "pypi+https://pypi.org/pypi/qtconsole/5.0.1/json"
dependencies = ["jupyter-client 6.0.0 pypi+https://pypi.org/pypi/jupyter-client/6.0.0/json", "QtPy 1.9.0 pypi+https://pypi.org/pypi/QtPy/1.9.0/json", "jupyter-core 4.6.3 pypi+https://pypi.org/pypi/jupyter-core/4.6.3/json", "qtpy 1.9.0 pypi+https://pypi.org/pypi/qtpy/1.9.0/json", "pyzmq 19.0.0 pypi+https://pypi.org/pypi/pyzmq/19.0.0/json", "ipython_genutils 0.2.0 pypi+https://pypi.org/pypi/ipython_genutils/0.2.0/json", "traitlets 4.3.3 pypi+https://pypi.org/pypi/traitlets/4.3.3/json", "ipython-genutils 0.2.0 pypi+https://pypi.org/pypi/ipython-genutils/0.2.0/json", "ipykernel 5.1.4 pypi+https://pypi.org/pypi/ipykernel/5.1.4/json", "Pygments 2.5.2 pypi+https://pypi.org/pypi/Pygments/2.5.2/json"]

[[package]]
id = 29
name = "Pygments"
version = "2.5.2"
source = "pypi+https://pypi.org/pypi/Pygments/2.5.2/json"
dependencies = []

[[package]]
id = 38
name = "Pillow"
version = "7.2.0"
source = "pypi+https://pypi.org/pypi/Pillow/7.2.0/json"
dependencies = []

[[package]]
id = 39
name = "kiwisolver"
version = "1.1.0"
source = "pypi+https://pypi.org/pypi/kiwisolver/1.1.0/json"
dependencies = ["setuptools 45.2.0 pypi+https://pypi.org/pypi/setuptools/45.2.0/json"]

[[package]]
id = 24
name = "pickleshare"
version = "0.7.5"
source = "pypi+https://pypi.org/pypi/pickleshare/0.7.5/json"
dependencies = ["pathlib2 2.3.5 pypi+https://pypi.org/pypi/pathlib2/2.3.5/json"]

[[package]]
id = 1
name = "numpy"
version = "1.19.4"
source = "pypi+https://pypi.org/pypi/numpy/1.19.4/json"
dependencies = []

[metadata]
